
Microsoft Visual Studio Solution File, Format Version 12.00
# Visual Studio Version 17
VisualStudioVersion = 17.5.33424.131
MinimumVisualStudioVersion = 10.0.40219.1
Project("{9A19103F-16F7-4668-BE54-9A1E7A4F7556}") = "azure-function", "presentation.azure-function\azure-function.csproj", "{0B5A2A9E-4765-41B0-A325-B5DF6A9FCFAE}"
EndProject
Project("{9A19103F-16F7-4668-BE54-9A1E7A4F7556}") = "ChatGPT.TelegramBot.Worker", "presentation.worker\ChatGPT.TelegramBot.Worker.csproj", "{A7AE00AD-D920-4044-8FCD-A4092153C279}"
EndProject
Project("{9A19103F-16F7-4668-BE54-9A1E7A4F7556}") = "Ungerfall.ChatGpt.TelegramBot", "application\Ungerfall.ChatGpt.TelegramBot.csproj", "{A3F5C307-294A-46EF-968E-91AD6054BE1F}"
EndProject
Project("{9A19103F-16F7-4668-BE54-9A1E7A4F7556}") = "Ungerfall.ChatGpt.TelegramBot.Tests", "..\tests\Ungerfall.ChatGpt.TelegramBot.Tests\Ungerfall.ChatGpt.TelegramBot.Tests.csproj", "{C72B4EBB-2A2C-4840-91B3-8C4A22E21D38}"
EndProject
Project("{2150E333-8FDC-42A3-9474-1A3956D46DE8}") = "Solution Items", "Solution Items", "{F92E96FA-819C-4D8D-9DDA-B1817CD40F58}"
	ProjectSection(SolutionItems) = preProject
		.editorconfig = .editorconfig
	EndProjectSection
EndProject
Project("{FAE04EC0-301F-11D3-BF4B-00C04F79EFBC}") = "Ungerfall.ChatGpt.Utils.QuizIngestion", "utils.quiz-ingestion\Ungerfall.ChatGpt.Utils.QuizIngestion.csproj", "{3164419E-B0FC-4A3C-9842-94061DA8DD96}"
EndProject
Global
	GlobalSection(SolutionConfigurationPlatforms) = preSolution
		Debug|Any CPU = Debug|Any CPU
		Release|Any CPU = Release|Any CPU
	EndGlobalSection
	GlobalSection(ProjectConfigurationPlatforms) = postSolution
		{0B5A2A9E-4765-41B0-A325-B5DF6A9FCFAE}.Debug|Any CPU.ActiveCfg = Debug|Any CPU
		{0B5A2A9E-4765-41B0-A325-B5DF6A9FCFAE}.Debug|Any CPU.Build.0 = Debug|Any CPU
		{0B5A2A9E-4765-41B0-A325-B5DF6A9FCFAE}.Release|Any CPU.ActiveCfg = Release|Any CPU
		{0B5A2A9E-4765-41B0-A325-B5DF6A9FCFAE}.Release|Any CPU.Build.0 = Release|Any CPU
		{A7AE00AD-D920-4044-8FCD-A4092153C279}.Debug|Any CPU.ActiveCfg = Debug|Any CPU
		{A7AE00AD-D920-4044-8FCD-A4092153C279}.Debug|Any CPU.Build.0 = Debug|Any CPU
		{A7AE00AD-D920-4044-8FCD-A4092153C279}.Release|Any CPU.ActiveCfg = Release|Any CPU
		{A7AE00AD-D920-4044-8FCD-A4092153C279}.Release|Any CPU.Build.0 = Release|Any CPU
		{A3F5C307-294A-46EF-968E-91AD6054BE1F}.Debug|Any CPU.ActiveCfg = Debug|Any CPU
		{A3F5C307-294A-46EF-968E-91AD6054BE1F}.Debug|Any CPU.Build.0 = Debug|Any CPU
		{A3F5C307-294A-46EF-968E-91AD6054BE1F}.Release|Any CPU.ActiveCfg = Release|Any CPU
		{A3F5C307-294A-46EF-968E-91AD6054BE1F}.Release|Any CPU.Build.0 = Release|Any CPU
		{C72B4EBB-2A2C-4840-91B3-8C4A22E21D38}.Debug|Any CPU.ActiveCfg = Debug|Any CPU
		{C72B4EBB-2A2C-4840-91B3-8C4A22E21D38}.Debug|Any CPU.Build.0 = Debug|Any CPU
		{C72B4EBB-2A2C-4840-91B3-8C4A22E21D38}.Release|Any CPU.ActiveCfg = Release|Any CPU
		{C72B4EBB-2A2C-4840-91B3-8C4A22E21D38}.Release|Any CPU.Build.0 = Release|Any CPU
		{3164419E-B0FC-4A3C-9842-94061DA8DD96}.Debug|Any CPU.ActiveCfg = Debug|Any CPU
		{3164419E-B0FC-4A3C-9842-94061DA8DD96}.Debug|Any CPU.Build.0 = Debug|Any CPU
		{3164419E-B0FC-4A3C-9842-94061DA8DD96}.Release|Any CPU.ActiveCfg = Release|Any CPU
		{3164419E-B0FC-4A3C-9842-94061DA8DD96}.Release|Any CPU.Build.0 = Release|Any CPU
	EndGlobalSection
	GlobalSection(SolutionProperties) = preSolution
		HideSolutionNode = FALSE
	EndGlobalSection
	GlobalSection(ExtensibilityGlobals) = postSolution
		SolutionGuid = {A7DC218D-82E9-4DF8-B29E-403440A5239E}
	EndGlobalSection
EndGlobal
