
Microsoft Visual Studio Solution File, Format Version 12.00
# Visual Studio Version 17
VisualStudioVersion = 17.5.33424.131
MinimumVisualStudioVersion = 10.0.40219.1
Project("{9A19103F-16F7-4668-BE54-9A1E7A4F7556}") = "azure-function", "azure-function\azure-function.csproj", "{B3509C37-1360-4DA3-B5A8-3FF8C59978CC}"
EndProject
Global
	GlobalSection(SolutionConfigurationPlatforms) = preSolution
		Debug|Any CPU = Debug|Any CPU
		Release|Any CPU = Release|Any CPU
	EndGlobalSection
	GlobalSection(ProjectConfigurationPlatforms) = postSolution
		{B3509C37-1360-4DA3-B5A8-3FF8C59978CC}.Debug|Any CPU.ActiveCfg = Debug|Any CPU
		{B3509C37-1360-4DA3-B5A8-3FF8C59978CC}.Debug|Any CPU.Build.0 = Debug|Any CPU
		{B3509C37-1360-4DA3-B5A8-3FF8C59978CC}.Release|Any CPU.ActiveCfg = Release|Any CPU
		{B3509C37-1360-4DA3-B5A8-3FF8C59978CC}.Release|Any CPU.Build.0 = Release|Any CPU
	EndGlobalSection
	GlobalSection(SolutionProperties) = preSolution
		HideSolutionNode = FALSE
	EndGlobalSection
	GlobalSection(ExtensibilityGlobals) = postSolution
		SolutionGuid = {F27C3F0E-D01F-4A5E-A614-257F1F0596F5}
	EndGlobalSection
EndGlobal
